
Microsoft Visual Studio Solution File, Format Version 12.00
# Visual Studio Version 17
VisualStudioVersion = 17.10.35122.118
MinimumVisualStudioVersion = 10.0.40219.1
Project("{FAE04EC0-301F-11D3-BF4B-00C04F79EFBC}") = "Dynamics Solution Mover", "Dynamics Solution Mover\Dynamics Solution Mover.csproj", "{56BF59BC-F68C-481B-B4CC-5009C6F06DF3}"
EndProject
Global
	GlobalSection(SolutionConfigurationPlatforms) = preSolution
		Debug|Any CPU = Debug|Any CPU
		Release|Any CPU = Release|Any CPU
	EndGlobalSection
	GlobalSection(ProjectConfigurationPlatforms) = postSolution
		{56BF59BC-F68C-481B-B4CC-5009C6F06DF3}.Debug|Any CPU.ActiveCfg = Debug|Any CPU
		{56BF59BC-F68C-481B-B4CC-5009C6F06DF3}.Debug|Any CPU.Build.0 = Debug|Any CPU
		{56BF59BC-F68C-481B-B4CC-5009C6F06DF3}.Release|Any CPU.ActiveCfg = Release|Any CPU
		{56BF59BC-F68C-481B-B4CC-5009C6F06DF3}.Release|Any CPU.Build.0 = Release|Any CPU
	EndGlobalSection
	GlobalSection(SolutionProperties) = preSolution
		HideSolutionNode = FALSE
	EndGlobalSection
	GlobalSection(ExtensibilityGlobals) = postSolution
		SolutionGuid = {AEA36201-54E2-4C97-A71D-5307CAF417EE}
	EndGlobalSection
EndGlobal
